
Microsoft Visual Studio Solution File, Format Version 12.00
# Visual Studio 14
VisualStudioVersion = 14.0.25420.1
MinimumVisualStudioVersion = 10.0.40219.1
Project("{FAE04EC0-301F-11D3-BF4B-00C04F79EFBC}") = "PW_TP_1", "PW_TP_1\PW_TP_1.csproj", "{6B97A012-EC32-4451-BD11-9868D87606B2}"
EndProject
Global
	GlobalSection(SolutionConfigurationPlatforms) = preSolution
		Debug|Any CPU = Debug|Any CPU
		Release|Any CPU = Release|Any CPU
	EndGlobalSection
	GlobalSection(ProjectConfigurationPlatforms) = postSolution
		{6B97A012-EC32-4451-BD11-9868D87606B2}.Debug|Any CPU.ActiveCfg = Debug|Any CPU
		{6B97A012-EC32-4451-BD11-9868D87606B2}.Debug|Any CPU.Build.0 = Debug|Any CPU
		{6B97A012-EC32-4451-BD11-9868D87606B2}.Release|Any CPU.ActiveCfg = Release|Any CPU
		{6B97A012-EC32-4451-BD11-9868D87606B2}.Release|Any CPU.Build.0 = Release|Any CPU
	EndGlobalSection
	GlobalSection(SolutionProperties) = preSolution
		HideSolutionNode = FALSE
	EndGlobalSection
EndGlobal
